
Microsoft Visual Studio Solution File, Format Version 12.00
# Visual Studio Version 16
VisualStudioVersion = 16.0.32901.82
MinimumVisualStudioVersion = 10.0.40219.1
Project("{FAE04EC0-301F-11D3-BF4B-00C04F79EFBC}") = "PictureViewer", "PictureViewer\PictureViewer.csproj", "{BBB2DBA9-F63B-4672-B0BF-DF1C5201853E}"
EndProject
Global
	GlobalSection(SolutionConfigurationPlatforms) = preSolution
		Debug|Any CPU = Debug|Any CPU
		Release|Any CPU = Release|Any CPU
	EndGlobalSection
	GlobalSection(ProjectConfigurationPlatforms) = postSolution
		{BBB2DBA9-F63B-4672-B0BF-DF1C5201853E}.Debug|Any CPU.ActiveCfg = Debug|Any CPU
		{BBB2DBA9-F63B-4672-B0BF-DF1C5201853E}.Debug|Any CPU.Build.0 = Debug|Any CPU
		{BBB2DBA9-F63B-4672-B0BF-DF1C5201853E}.Release|Any CPU.ActiveCfg = Release|Any CPU
		{BBB2DBA9-F63B-4672-B0BF-DF1C5201853E}.Release|Any CPU.Build.0 = Release|Any CPU
	EndGlobalSection
	GlobalSection(SolutionProperties) = preSolution
		HideSolutionNode = FALSE
	EndGlobalSection
	GlobalSection(ExtensibilityGlobals) = postSolution
		SolutionGuid = {C88D973B-1FE3-46E7-847D-EC4E7556CDB0}
	EndGlobalSection
EndGlobal
